
Microsoft Visual Studio Solution File, Format Version 12.00
# Visual Studio 15
VisualStudioVersion = 15.0.26403.7
MinimumVisualStudioVersion = 10.0.40219.1
Project("{FAE04EC0-301F-11D3-BF4B-00C04F79EFBC}") = "Shell", "Shell\Shell.csproj", "{62E91EFB-0385-43BB-B8A9-7FC0E42F3BE2}"
EndProject
Project("{FAE04EC0-301F-11D3-BF4B-00C04F79EFBC}") = "UnitTestShell", "UnitTestShell\UnitTestShell.csproj", "{E15429DE-BEDE-47D2-81AE-559C7730EE20}"
EndProject
Global
	GlobalSection(SolutionConfigurationPlatforms) = preSolution
		Debug|Any CPU = Debug|Any CPU
		Release|Any CPU = Release|Any CPU
		еьз|Any CPU = еьз|Any CPU
	EndGlobalSection
	GlobalSection(ProjectConfigurationPlatforms) = postSolution
		{62E91EFB-0385-43BB-B8A9-7FC0E42F3BE2}.Debug|Any CPU.ActiveCfg = Release|Any CPU
		{62E91EFB-0385-43BB-B8A9-7FC0E42F3BE2}.Debug|Any CPU.Build.0 = Release|Any CPU
		{62E91EFB-0385-43BB-B8A9-7FC0E42F3BE2}.Debug|Any CPU.Deploy.0 = Release|Any CPU
		{62E91EFB-0385-43BB-B8A9-7FC0E42F3BE2}.Release|Any CPU.ActiveCfg = Release|Any CPU
		{62E91EFB-0385-43BB-B8A9-7FC0E42F3BE2}.Release|Any CPU.Build.0 = Release|Any CPU
		{62E91EFB-0385-43BB-B8A9-7FC0E42F3BE2}.еьз|Any CPU.ActiveCfg = Release|Any CPU
		{62E91EFB-0385-43BB-B8A9-7FC0E42F3BE2}.еьз|Any CPU.Build.0 = Release|Any CPU
		{62E91EFB-0385-43BB-B8A9-7FC0E42F3BE2}.еьз|Any CPU.Deploy.0 = Release|Any CPU
		{E15429DE-BEDE-47D2-81AE-559C7730EE20}.Debug|Any CPU.ActiveCfg = Release|Any CPU
		{E15429DE-BEDE-47D2-81AE-559C7730EE20}.Debug|Any CPU.Build.0 = Release|Any CPU
		{E15429DE-BEDE-47D2-81AE-559C7730EE20}.Release|Any CPU.ActiveCfg = Release|Any CPU
		{E15429DE-BEDE-47D2-81AE-559C7730EE20}.Release|Any CPU.Build.0 = Release|Any CPU
		{E15429DE-BEDE-47D2-81AE-559C7730EE20}.еьз|Any CPU.ActiveCfg = Debug|Any CPU
	EndGlobalSection
	GlobalSection(SolutionProperties) = preSolution
		HideSolutionNode = FALSE
	EndGlobalSection
EndGlobal
